
Microsoft Visual Studio Solution File, Format Version 12.00
# Visual Studio 15
VisualStudioVersion = 15.0.27130.2010
MinimumVisualStudioVersion = 10.0.40219.1
Project("{FAE04EC0-301F-11D3-BF4B-00C04F79EFBC}") = "SolarSystemCore.Models", "SolarSystemCore.Models\SolarSystemCore.Models.csproj", "{5BF57B77-1598-4907-AC74-513EC19AD4E0}"
EndProject
Project("{FAE04EC0-301F-11D3-BF4B-00C04F79EFBC}") = "SolarSystemCore.Repositories", "SolarSystemCore.Repositories\SolarSystemCore.Repositories.csproj", "{A417D362-3680-464F-9745-91547C7CED5B}"
EndProject
Project("{FAE04EC0-301F-11D3-BF4B-00C04F79EFBC}") = "SolarSystemCore.Services", "SolarSystemCore.Services\SolarSystemCore.Services.csproj", "{3E1C44DD-5BC6-4E58-8FC5-C6B3742D0F19}"
EndProject
Project("{FAE04EC0-301F-11D3-BF4B-00C04F79EFBC}") = "SolarSystemCore.Data", "SolarSystemCore.Data\SolarSystemCore.Data.csproj", "{47FCD9AA-428E-4C2A-B0F8-5B5A776E2285}"
EndProject
Project("{FAE04EC0-301F-11D3-BF4B-00C04F79EFBC}") = "SolarSystemCore.Core", "SolarSystemCore.Core\SolarSystemCore.Core.csproj", "{F1C3BCC5-8803-4C3E-B0D1-D682EA2B3648}"
EndProject
Project("{FAE04EC0-301F-11D3-BF4B-00C04F79EFBC}") = "SolarSystemCore.Tests", "SolarSystemCore.Tests\SolarSystemCore.Tests.csproj", "{7081C1AD-911E-4BAC-9159-D850F8B3A0D1}"
EndProject
Project("{FAE04EC0-301F-11D3-BF4B-00C04F79EFBC}") = "SolarSystemCore.WebApi", "SolarSystemCore.WebApi\SolarSystemCore.WebApi.csproj", "{5918D9A1-A4B3-4DDC-90BB-E66415D4666C}"
EndProject
Global
	GlobalSection(SolutionConfigurationPlatforms) = preSolution
		Debug|Any CPU = Debug|Any CPU
		Release|Any CPU = Release|Any CPU
	EndGlobalSection
	GlobalSection(ProjectConfigurationPlatforms) = postSolution
		{5BF57B77-1598-4907-AC74-513EC19AD4E0}.Debug|Any CPU.ActiveCfg = Debug|Any CPU
		{5BF57B77-1598-4907-AC74-513EC19AD4E0}.Debug|Any CPU.Build.0 = Debug|Any CPU
		{5BF57B77-1598-4907-AC74-513EC19AD4E0}.Release|Any CPU.ActiveCfg = Release|Any CPU
		{5BF57B77-1598-4907-AC74-513EC19AD4E0}.Release|Any CPU.Build.0 = Release|Any CPU
		{A417D362-3680-464F-9745-91547C7CED5B}.Debug|Any CPU.ActiveCfg = Debug|Any CPU
		{A417D362-3680-464F-9745-91547C7CED5B}.Debug|Any CPU.Build.0 = Debug|Any CPU
		{A417D362-3680-464F-9745-91547C7CED5B}.Release|Any CPU.ActiveCfg = Release|Any CPU
		{A417D362-3680-464F-9745-91547C7CED5B}.Release|Any CPU.Build.0 = Release|Any CPU
		{3E1C44DD-5BC6-4E58-8FC5-C6B3742D0F19}.Debug|Any CPU.ActiveCfg = Debug|Any CPU
		{3E1C44DD-5BC6-4E58-8FC5-C6B3742D0F19}.Debug|Any CPU.Build.0 = Debug|Any CPU
		{3E1C44DD-5BC6-4E58-8FC5-C6B3742D0F19}.Release|Any CPU.ActiveCfg = Release|Any CPU
		{3E1C44DD-5BC6-4E58-8FC5-C6B3742D0F19}.Release|Any CPU.Build.0 = Release|Any CPU
		{47FCD9AA-428E-4C2A-B0F8-5B5A776E2285}.Debug|Any CPU.ActiveCfg = Debug|Any CPU
		{47FCD9AA-428E-4C2A-B0F8-5B5A776E2285}.Debug|Any CPU.Build.0 = Debug|Any CPU
		{47FCD9AA-428E-4C2A-B0F8-5B5A776E2285}.Release|Any CPU.ActiveCfg = Release|Any CPU
		{47FCD9AA-428E-4C2A-B0F8-5B5A776E2285}.Release|Any CPU.Build.0 = Release|Any CPU
		{F1C3BCC5-8803-4C3E-B0D1-D682EA2B3648}.Debug|Any CPU.ActiveCfg = Debug|Any CPU
		{F1C3BCC5-8803-4C3E-B0D1-D682EA2B3648}.Debug|Any CPU.Build.0 = Debug|Any CPU
		{F1C3BCC5-8803-4C3E-B0D1-D682EA2B3648}.Release|Any CPU.ActiveCfg = Release|Any CPU
		{F1C3BCC5-8803-4C3E-B0D1-D682EA2B3648}.Release|Any CPU.Build.0 = Release|Any CPU
		{7081C1AD-911E-4BAC-9159-D850F8B3A0D1}.Debug|Any CPU.ActiveCfg = Debug|Any CPU
		{7081C1AD-911E-4BAC-9159-D850F8B3A0D1}.Debug|Any CPU.Build.0 = Debug|Any CPU
		{7081C1AD-911E-4BAC-9159-D850F8B3A0D1}.Release|Any CPU.ActiveCfg = Release|Any CPU
		{7081C1AD-911E-4BAC-9159-D850F8B3A0D1}.Release|Any CPU.Build.0 = Release|Any CPU
		{5918D9A1-A4B3-4DDC-90BB-E66415D4666C}.Debug|Any CPU.ActiveCfg = Debug|Any CPU
		{5918D9A1-A4B3-4DDC-90BB-E66415D4666C}.Debug|Any CPU.Build.0 = Debug|Any CPU
		{5918D9A1-A4B3-4DDC-90BB-E66415D4666C}.Release|Any CPU.ActiveCfg = Release|Any CPU
		{5918D9A1-A4B3-4DDC-90BB-E66415D4666C}.Release|Any CPU.Build.0 = Release|Any CPU
	EndGlobalSection
	GlobalSection(SolutionProperties) = preSolution
		HideSolutionNode = FALSE
	EndGlobalSection
	GlobalSection(ExtensibilityGlobals) = postSolution
		SolutionGuid = {695580DE-1258-41E6-AD4B-7E8A3728BA22}
	EndGlobalSection
EndGlobal
