
Microsoft Visual Studio Solution File, Format Version 12.00
# Visual Studio 15
VisualStudioVersion = 15.0.27130.2036
MinimumVisualStudioVersion = 10.0.40219.1
Project("{9A19103F-16F7-4668-BE54-9A1E7A4F7556}") = "SolarSystemCore.Core", "SolarSystemCore.Core\SolarSystemCore.Core.csproj", "{F1C3BCC5-8803-4C3E-B0D1-D682EA2B3648}"
EndProject
Project("{9A19103F-16F7-4668-BE54-9A1E7A4F7556}") = "SolarSystemCore.WebApi", "SolarSystemCore.WebApi\SolarSystemCore.WebApi.csproj", "{5918D9A1-A4B3-4DDC-90BB-E66415D4666C}"
EndProject
Project("{9A19103F-16F7-4668-BE54-9A1E7A4F7556}") = "SolarSystemCore.Tests", "SolarSystemCore.Tests\SolarSystemCore.Tests.csproj", "{7DDE3820-5FFF-4A9B-9E31-2E985A86563D}"
EndProject
Project("{FAE04EC0-301F-11D3-BF4B-00C04F79EFBC}") = "SolarSystemCore.SharedKernel", "SolarSystemCore.SharedKernel\SolarSystemCore.SharedKernel.csproj", "{9ED53FF1-037C-4AA8-BFC2-48A44CDAFC1F}"
EndProject
Project("{FAE04EC0-301F-11D3-BF4B-00C04F79EFBC}") = "SolarSystemCore.Infrastructure", "SolarSystemCore.InfraStructure\SolarSystemCore.Infrastructure.csproj", "{6E881E8D-24B8-4D74-834B-EE92A8BE92FA}"
EndProject
Global
	GlobalSection(SolutionConfigurationPlatforms) = preSolution
		Debug|Any CPU = Debug|Any CPU
		Release|Any CPU = Release|Any CPU
	EndGlobalSection
	GlobalSection(ProjectConfigurationPlatforms) = postSolution
		{F1C3BCC5-8803-4C3E-B0D1-D682EA2B3648}.Debug|Any CPU.ActiveCfg = Debug|Any CPU
		{F1C3BCC5-8803-4C3E-B0D1-D682EA2B3648}.Debug|Any CPU.Build.0 = Debug|Any CPU
		{F1C3BCC5-8803-4C3E-B0D1-D682EA2B3648}.Release|Any CPU.ActiveCfg = Release|Any CPU
		{F1C3BCC5-8803-4C3E-B0D1-D682EA2B3648}.Release|Any CPU.Build.0 = Release|Any CPU
		{5918D9A1-A4B3-4DDC-90BB-E66415D4666C}.Debug|Any CPU.ActiveCfg = Debug|Any CPU
		{5918D9A1-A4B3-4DDC-90BB-E66415D4666C}.Debug|Any CPU.Build.0 = Debug|Any CPU
		{5918D9A1-A4B3-4DDC-90BB-E66415D4666C}.Release|Any CPU.ActiveCfg = Release|Any CPU
		{5918D9A1-A4B3-4DDC-90BB-E66415D4666C}.Release|Any CPU.Build.0 = Release|Any CPU
		{7DDE3820-5FFF-4A9B-9E31-2E985A86563D}.Debug|Any CPU.ActiveCfg = Debug|Any CPU
		{7DDE3820-5FFF-4A9B-9E31-2E985A86563D}.Debug|Any CPU.Build.0 = Debug|Any CPU
		{7DDE3820-5FFF-4A9B-9E31-2E985A86563D}.Release|Any CPU.ActiveCfg = Release|Any CPU
		{7DDE3820-5FFF-4A9B-9E31-2E985A86563D}.Release|Any CPU.Build.0 = Release|Any CPU
		{9ED53FF1-037C-4AA8-BFC2-48A44CDAFC1F}.Debug|Any CPU.ActiveCfg = Debug|Any CPU
		{9ED53FF1-037C-4AA8-BFC2-48A44CDAFC1F}.Debug|Any CPU.Build.0 = Debug|Any CPU
		{9ED53FF1-037C-4AA8-BFC2-48A44CDAFC1F}.Release|Any CPU.ActiveCfg = Release|Any CPU
		{9ED53FF1-037C-4AA8-BFC2-48A44CDAFC1F}.Release|Any CPU.Build.0 = Release|Any CPU
		{6E881E8D-24B8-4D74-834B-EE92A8BE92FA}.Debug|Any CPU.ActiveCfg = Debug|Any CPU
		{6E881E8D-24B8-4D74-834B-EE92A8BE92FA}.Debug|Any CPU.Build.0 = Debug|Any CPU
		{6E881E8D-24B8-4D74-834B-EE92A8BE92FA}.Release|Any CPU.ActiveCfg = Release|Any CPU
		{6E881E8D-24B8-4D74-834B-EE92A8BE92FA}.Release|Any CPU.Build.0 = Release|Any CPU
	EndGlobalSection
	GlobalSection(SolutionProperties) = preSolution
		HideSolutionNode = FALSE
	EndGlobalSection
	GlobalSection(ExtensibilityGlobals) = postSolution
		SolutionGuid = {695580DE-1258-41E6-AD4B-7E8A3728BA22}
	EndGlobalSection
EndGlobal
